<?xml version="1.0" encoding="utf-8"?>
<Project ToolsVersion="4.0" xmlns="http://schemas.microsoft.com/developer/msbuild/2003">
  <ItemGroup>
    <Filter Include="Source Files">
      <UniqueIdentifier>{4FC737F1-C7A5-4376-A066-2A32D752A2FF}</UniqueIdentifier>
      <Extensions>cpp;c;cc;cxx;c++;cppm;ixx;def;odl;idl;hpj;bat;asm;asmx</Extensions>
    </Filter>
    <Filter Include="Ruby">
      <UniqueIdentifier>{26779423-1428-4221-8ede-babb0ce22296}</UniqueIdentifier>
    </Filter>
    <Filter Include="RubyUserDefined">
      <UniqueIdentifier>{11cce534-935d-4520-9679-c20e6f9a7f51}</UniqueIdentifier>
    </Filter>
  </ItemGroup>
  <ItemGroup>
    <ClCompile Include="Main.cpp">
      <Filter>Source Files</Filter>
    </ClCompile>
    <ClCompile Include="RubyArray.cpp">
      <Filter>Ruby</Filter>
    </ClCompile>
    <ClCompile Include="RubyBase.cpp">
      <Filter>Ruby</Filter>
    </ClCompile>
    <ClCompile Include="RubyBignum.cpp">
      <Filter>Ruby</Filter>
    </ClCompile>
    <ClCompile Include="RubyClass.cpp">
      <Filter>Ruby</Filter>
    </ClCompile>
    <ClCompile Include="RubyFalse.cpp">
      <Filter>Ruby</Filter>
    </ClCompile>
    <ClCompile Include="RubyFixnum.cpp">
      <Filter>Ruby</Filter>
    </ClCompile>
    <ClCompile Include="RubyFloat.cpp">
      <Filter>Ruby</Filter>
    </ClCompile>
    <ClCompile Include="RubyHash.cpp">
      <Filter>Ruby</Filter>
    </ClCompile>
    <ClCompile Include="RubyNil.cpp">
      <Filter>Ruby</Filter>
    </ClCompile>
    <ClCompile Include="RubyObject.cpp">
      <Filter>Ruby</Filter>
    </ClCompile>
    <ClCompile Include="RubyString.cpp">
      <Filter>Ruby</Filter>
    </ClCompile>
    <ClCompile Include="RubyStruct.cpp">
      <Filter>Ruby</Filter>
    </ClCompile>
    <ClCompile Include="RubySymbol.cpp">
      <Filter>Ruby</Filter>
    </ClCompile>
    <ClCompile Include="RubyTrue.cpp">
      <Filter>Ruby</Filter>
    </ClCompile>
    <ClCompile Include="eRubyTokens.h">
      <Filter>Ruby</Filter>
    </ClCompile>
    <ClCompile Include="RubyUserDefined.cpp">
      <Filter>RubyUserDefined</Filter>
    </ClCompile>
    <ClCompile Include="RubyColor.h">
      <Filter>RubyUserDefined</Filter>
    </ClCompile>
  </ItemGroup>
  <ItemGroup>
    <ClInclude Include="RubyArray.h">
      <Filter>Ruby</Filter>
    </ClInclude>
    <ClInclude Include="RubyBase.h">
      <Filter>Ruby</Filter>
    </ClInclude>
    <ClInclude Include="RubyBignum.h">
      <Filter>Ruby</Filter>
    </ClInclude>
    <ClInclude Include="RubyClass.h">
      <Filter>Ruby</Filter>
    </ClInclude>
    <ClInclude Include="RubyFalse.h">
      <Filter>Ruby</Filter>
    </ClInclude>
    <ClInclude Include="RubyFixnum.h">
      <Filter>Ruby</Filter>
    </ClInclude>
    <ClInclude Include="RubyFloat.h">
      <Filter>Ruby</Filter>
    </ClInclude>
    <ClInclude Include="RubyHash.h">
      <Filter>Ruby</Filter>
    </ClInclude>
    <ClInclude Include="RubyNil.h">
      <Filter>Ruby</Filter>
    </ClInclude>
    <ClInclude Include="RubyObject.h">
      <Filter>Ruby</Filter>
    </ClInclude>
    <ClInclude Include="RubyString.h">
      <Filter>Ruby</Filter>
    </ClInclude>
    <ClInclude Include="RubyStruct.h">
      <Filter>Ruby</Filter>
    </ClInclude>
    <ClInclude Include="RubySymbol.h">
      <Filter>Ruby</Filter>
    </ClInclude>
    <ClInclude Include="RubyTrue.h">
      <Filter>Ruby</Filter>
    </ClInclude>
    <ClInclude Include="RubyUserDefined.h">
      <Filter>RubyUserDefined</Filter>
    </ClInclude>
    <ClInclude Include="RubyTable.h">
      <Filter>RubyUserDefined</Filter>
    </ClInclude>
  </ItemGroup>
</Project>